// !$*UTF8*$!
{
	archiveVersion = 1;
	classes = {
	};
	objectVersion = 56;
	objects = {

/* Begin PBXBuildFile section */
		293C74272A7D043A0028B2BB /* cellToDo.swift in Sources */ = {isa = PBXBuildFile; fileRef = 293C74262A7D043A0028B2BB /* cellToDo.swift */; };
		296DC2DC2A78BB6B009BBF4E /* AppDelegate.swift in Sources */ = {isa = PBXBuildFile; fileRef = 296DC2DB2A78BB6B009BBF4E /* AppDelegate.swift */; };
		296DC2DE2A78BB6B009BBF4E /* SceneDelegate.swift in Sources */ = {isa = PBXBuildFile; fileRef = 296DC2DD2A78BB6B009BBF4E /* SceneDelegate.swift */; };
		296DC2E02A78BB6B009BBF4E /* HomePage.swift in Sources */ = {isa = PBXBuildFile; fileRef = 296DC2DF2A78BB6B009BBF4E /* HomePage.swift */; };
		296DC2E32A78BB6B009BBF4E /* Main.storyboard in Resources */ = {isa = PBXBuildFile; fileRef = 296DC2E12A78BB6B009BBF4E /* Main.storyboard */; };
		296DC2E52A78BB6C009BBF4E /* Assets.xcassets in Resources */ = {isa = PBXBuildFile; fileRef = 296DC2E42A78BB6C009BBF4E /* Assets.xcassets */; };
		296DC2E82A78BB6C009BBF4E /* LaunchScreen.storyboard in Resources */ = {isa = PBXBuildFile; fileRef = 296DC2E62A78BB6C009BBF4E /* LaunchScreen.storyboard */; };
		296DC2F22A78BC86009BBF4E /* toDo.swift in Sources */ = {isa = PBXBuildFile; fileRef = 296DC2F12A78BC86009BBF4E /* toDo.swift */; };
		296DC2F62A78BDBE009BBF4E /* RegistrationPage.swift in Sources */ = {isa = PBXBuildFile; fileRef = 296DC2F52A78BDBE009BBF4E /* RegistrationPage.swift */; };
		296DC2F82A78BDE8009BBF4E /* DetailPage.swift in Sources */ = {isa = PBXBuildFile; fileRef = 296DC2F72A78BDE8009BBF4E /* DetailPage.swift */; };
		29B38B4C2A8769C2005CD156 /* ToDoDaoRepository.swift in Sources */ = {isa = PBXBuildFile; fileRef = 29B38B4B2A8769C2005CD156 /* ToDoDaoRepository.swift */; };
		29B38B4F2A8769F3005CD156 /* HomePageViewModel.swift in Sources */ = {isa = PBXBuildFile; fileRef = 29B38B4E2A8769F3005CD156 /* HomePageViewModel.swift */; };
		29B38B512A876A08005CD156 /* RegistrationPageViewModel.swift in Sources */ = {isa = PBXBuildFile; fileRef = 29B38B502A876A08005CD156 /* RegistrationPageViewModel.swift */; };
		29B38B532A876A16005CD156 /* DetailPageViewModel.swift in Sources */ = {isa = PBXBuildFile; fileRef = 29B38B522A876A16005CD156 /* DetailPageViewModel.swift */; };
		29B38B562A876A6C005CD156 /* RxSwift in Frameworks */ = {isa = PBXBuildFile; productRef = 29B38B552A876A6C005CD156 /* RxSwift */; };
/* End PBXBuildFile section */

/* Begin PBXFileReference section */
		293C74262A7D043A0028B2BB /* cellToDo.swift */ = {isa = PBXFileReference; lastKnownFileType = sourcecode.swift; path = cellToDo.swift; sourceTree = "<group>"; };
		296DC2D82A78BB6B009BBF4E /* ToDoApp.app */ = {isa = PBXFileReference; explicitFileType = wrapper.application; includeInIndex = 0; path = ToDoApp.app; sourceTree = BUILT_PRODUCTS_DIR; };
		296DC2DB2A78BB6B009BBF4E /* AppDelegate.swift */ = {isa = PBXFileReference; lastKnownFileType = sourcecode.swift; path = AppDelegate.swift; sourceTree = "<group>"; };
		296DC2DD2A78BB6B009BBF4E /* SceneDelegate.swift */ = {isa = PBXFileReference; lastKnownFileType = sourcecode.swift; path = SceneDelegate.swift; sourceTree = "<group>"; };
		296DC2DF2A78BB6B009BBF4E /* HomePage.swift */ = {isa = PBXFileReference; lastKnownFileType = sourcecode.swift; path = HomePage.swift; sourceTree = "<group>"; };
		296DC2E22A78BB6B009BBF4E /* Base */ = {isa = PBXFileReference; lastKnownFileType = file.storyboard; name = Base; path = Base.lproj/Main.storyboard; sourceTree = "<group>"; };
		296DC2E42A78BB6C009BBF4E /* Assets.xcassets */ = {isa = PBXFileReference; lastKnownFileType = folder.assetcatalog; path = Assets.xcassets; sourceTree = "<group>"; };
		296DC2E72A78BB6C009BBF4E /* Base */ = {isa = PBXFileReference; lastKnownFileType = file.storyboard; name = Base; path = Base.lproj/LaunchScreen.storyboard; sourceTree = "<group>"; };
		296DC2E92A78BB6C009BBF4E /* Info.plist */ = {isa = PBXFileReference; lastKnownFileType = text.plist.xml; path = Info.plist; sourceTree = "<group>"; };
		296DC2F12A78BC86009BBF4E /* toDo.swift */ = {isa = PBXFileReference; lastKnownFileType = sourcecode.swift; path = toDo.swift; sourceTree = "<group>"; };
		296DC2F52A78BDBE009BBF4E /* RegistrationPage.swift */ = {isa = PBXFileReference; lastKnownFileType = sourcecode.swift; path = RegistrationPage.swift; sourceTree = "<group>"; };
		296DC2F72A78BDE8009BBF4E /* DetailPage.swift */ = {isa = PBXFileReference; lastKnownFileType = sourcecode.swift; path = DetailPage.swift; sourceTree = "<group>"; };
		296DC2F92A799D9C009BBF4E /* README.md */ = {isa = PBXFileReference; lastKnownFileType = net.daringfireball.markdown; path = README.md; sourceTree = "<group>"; };
		29B38B4B2A8769C2005CD156 /* ToDoDaoRepository.swift */ = {isa = PBXFileReference; lastKnownFileType = sourcecode.swift; path = ToDoDaoRepository.swift; sourceTree = "<group>"; };
		29B38B4E2A8769F3005CD156 /* HomePageViewModel.swift */ = {isa = PBXFileReference; lastKnownFileType = sourcecode.swift; path = HomePageViewModel.swift; sourceTree = "<group>"; };
		29B38B502A876A08005CD156 /* RegistrationPageViewModel.swift */ = {isa = PBXFileReference; lastKnownFileType = sourcecode.swift; path = RegistrationPageViewModel.swift; sourceTree = "<group>"; };
		29B38B522A876A16005CD156 /* DetailPageViewModel.swift */ = {isa = PBXFileReference; lastKnownFileType = sourcecode.swift; path = DetailPageViewModel.swift; sourceTree = "<group>"; };
/* End PBXFileReference section */

/* Begin PBXFrameworksBuildPhase section */
		296DC2D52A78BB6B009BBF4E /* Frameworks */ = {
			isa = PBXFrameworksBuildPhase;
			buildActionMask = 2147483647;
			files = (
				29B38B562A876A6C005CD156 /* RxSwift in Frameworks */,
			);
			runOnlyForDeploymentPostprocessing = 0;
		};
/* End PBXFrameworksBuildPhase section */

/* Begin PBXGroup section */
		293C74252A7D04150028B2BB /* tableView */ = {
			isa = PBXGroup;
			children = (
				293C74262A7D043A0028B2BB /* cellToDo.swift */,
			);
			path = tableView;
			sourceTree = "<group>";
		};
		296DC2CF2A78BB6B009BBF4E = {
			isa = PBXGroup;
			children = (
				296DC2F92A799D9C009BBF4E /* README.md */,
				296DC2DA2A78BB6B009BBF4E /* ToDoApp */,
				296DC2D92A78BB6B009BBF4E /* Products */,
			);
			sourceTree = "<group>";
		};
		296DC2D92A78BB6B009BBF4E /* Products */ = {
			isa = PBXGroup;
			children = (
				296DC2D82A78BB6B009BBF4E /* ToDoApp.app */,
			);
			name = Products;
			sourceTree = "<group>";
		};
		296DC2DA2A78BB6B009BBF4E /* ToDoApp */ = {
			isa = PBXGroup;
			children = (
				296DC2DB2A78BB6B009BBF4E /* AppDelegate.swift */,
				296DC2DD2A78BB6B009BBF4E /* SceneDelegate.swift */,
				296DC2EF2A78BC03009BBF4E /* ui */,
				296DC2F32A78BCEB009BBF4E /* data */,
				296DC2E12A78BB6B009BBF4E /* Main.storyboard */,
				296DC2E42A78BB6C009BBF4E /* Assets.xcassets */,
				296DC2E62A78BB6C009BBF4E /* LaunchScreen.storyboard */,
				296DC2E92A78BB6C009BBF4E /* Info.plist */,
			);
			path = ToDoApp;
			sourceTree = "<group>";
		};
		296DC2EF2A78BC03009BBF4E /* ui */ = {
			isa = PBXGroup;
			children = (
				29B38B4D2A8769D1005CD156 /* viewModel */,
				293C74252A7D04150028B2BB /* tableView */,
				296DC2F02A78BC1D009BBF4E /* views */,
			);
			path = ui;
			sourceTree = "<group>";
		};
		296DC2F02A78BC1D009BBF4E /* views */ = {
			isa = PBXGroup;
			children = (
				296DC2DF2A78BB6B009BBF4E /* HomePage.swift */,
				296DC2F52A78BDBE009BBF4E /* RegistrationPage.swift */,
				296DC2F72A78BDE8009BBF4E /* DetailPage.swift */,
			);
			path = views;
			sourceTree = "<group>";
		};
		296DC2F32A78BCEB009BBF4E /* data */ = {
			isa = PBXGroup;
			children = (
				29B38B4A2A8769A6005CD156 /* Repository */,
				296DC2F42A78BCF9009BBF4E /* entity */,
			);
			path = data;
			sourceTree = "<group>";
		};
		296DC2F42A78BCF9009BBF4E /* entity */ = {
			isa = PBXGroup;
			children = (
				296DC2F12A78BC86009BBF4E /* toDo.swift */,
			);
			path = entity;
			sourceTree = "<group>";
		};
		29B38B4A2A8769A6005CD156 /* Repository */ = {
			isa = PBXGroup;
			children = (
				29B38B4B2A8769C2005CD156 /* ToDoDaoRepository.swift */,
			);
			path = Repository;
			sourceTree = "<group>";
		};
		29B38B4D2A8769D1005CD156 /* viewModel */ = {
			isa = PBXGroup;
			children = (
				29B38B4E2A8769F3005CD156 /* HomePageViewModel.swift */,
				29B38B502A876A08005CD156 /* RegistrationPageViewModel.swift */,
				29B38B522A876A16005CD156 /* DetailPageViewModel.swift */,
			);
			path = viewModel;
			sourceTree = "<group>";
		};
/* End PBXGroup section */

/* Begin PBXNativeTarget section */
		296DC2D72A78BB6B009BBF4E /* ToDoApp */ = {
			isa = PBXNativeTarget;
			buildConfigurationList = 296DC2EC2A78BB6C009BBF4E /* Build configuration list for PBXNativeTarget "ToDoApp" */;
			buildPhases = (
				296DC2D42A78BB6B009BBF4E /* Sources */,
				296DC2D52A78BB6B009BBF4E /* Frameworks */,
				296DC2D62A78BB6B009BBF4E /* Resources */,
			);
			buildRules = (
			);
			dependencies = (
			);
			name = ToDoApp;
			packageProductDependencies = (
				29B38B552A876A6C005CD156 /* RxSwift */,
			);
			productName = ToDoApp;
			productReference = 296DC2D82A78BB6B009BBF4E /* ToDoApp.app */;
			productType = "com.apple.product-type.application";
		};
/* End PBXNativeTarget section */

/* Begin PBXProject section */
		296DC2D02A78BB6B009BBF4E /* Project object */ = {
			isa = PBXProject;
			attributes = {
				BuildIndependentTargetsInParallel = 1;
				LastSwiftUpdateCheck = 1430;
				LastUpgradeCheck = 1430;
				TargetAttributes = {
					296DC2D72A78BB6B009BBF4E = {
						CreatedOnToolsVersion = 14.3.1;
					};
				};
			};
			buildConfigurationList = 296DC2D32A78BB6B009BBF4E /* Build configuration list for PBXProject "ToDoApp" */;
			compatibilityVersion = "Xcode 14.0";
			developmentRegion = en;
			hasScannedForEncodings = 0;
			knownRegions = (
				en,
				Base,
			);
			mainGroup = 296DC2CF2A78BB6B009BBF4E;
			packageReferences = (
				29B38B542A876A6C005CD156 /* XCRemoteSwiftPackageReference "RxSwift" */,
			);
			productRefGroup = 296DC2D92A78BB6B009BBF4E /* Products */;
			projectDirPath = "";
			projectRoot = "";
			targets = (
				296DC2D72A78BB6B009BBF4E /* ToDoApp */,
			);
		};
/* End PBXProject section */

/* Begin PBXResourcesBuildPhase section */
		296DC2D62A78BB6B009BBF4E /* Resources */ = {
			isa = PBXResourcesBuildPhase;
			buildActionMask = 2147483647;
			files = (
				296DC2E82A78BB6C009BBF4E /* LaunchScreen.storyboard in Resources */,
				296DC2E52A78BB6C009BBF4E /* Assets.xcassets in Resources */,
				296DC2E32A78BB6B009BBF4E /* Main.storyboard in Resources */,
			);
			runOnlyForDeploymentPostprocessing = 0;
		};
/* End PBXResourcesBuildPhase section */

/* Begin PBXSourcesBuildPhase section */
		296DC2D42A78BB6B009BBF4E /* Sources */ = {
			isa = PBXSourcesBuildPhase;
			buildActionMask = 2147483647;
			files = (
				296DC2F62A78BDBE009BBF4E /* RegistrationPage.swift in Sources */,
				296DC2E02A78BB6B009BBF4E /* HomePage.swift in Sources */,
				29B38B4F2A8769F3005CD156 /* HomePageViewModel.swift in Sources */,
				296DC2DC2A78BB6B009BBF4E /* AppDelegate.swift in Sources */,
				293C74272A7D043A0028B2BB /* cellToDo.swift in Sources */,
				29B38B4C2A8769C2005CD156 /* ToDoDaoRepository.swift in Sources */,
				29B38B532A876A16005CD156 /* DetailPageViewModel.swift in Sources */,
				296DC2F82A78BDE8009BBF4E /* DetailPage.swift in Sources */,
				296DC2DE2A78BB6B009BBF4E /* SceneDelegate.swift in Sources */,
				29B38B512A876A08005CD156 /* RegistrationPageViewModel.swift in Sources */,
				296DC2F22A78BC86009BBF4E /* toDo.swift in Sources */,
			);
			runOnlyForDeploymentPostprocessing = 0;
		};
/* End PBXSourcesBuildPhase section */

/* Begin PBXVariantGroup section */
		296DC2E12A78BB6B009BBF4E /* Main.storyboard */ = {
			isa = PBXVariantGroup;
			children = (
				296DC2E22A78BB6B009BBF4E /* Base */,
			);
			name = Main.storyboard;
			sourceTree = "<group>";
		};
		296DC2E62A78BB6C009BBF4E /* LaunchScreen.storyboard */ = {
			isa = PBXVariantGroup;
			children = (
				296DC2E72A78BB6C009BBF4E /* Base */,
			);
			name = LaunchScreen.storyboard;
			sourceTree = "<group>";
		};
/* End PBXVariantGroup section */

/* Begin XCBuildConfiguration section */
		296DC2EA2A78BB6C009BBF4E /* Debug */ = {
			isa = XCBuildConfiguration;
			buildSettings = {
				ALWAYS_SEARCH_USER_PATHS = NO;
				CLANG_ANALYZER_NONNULL = YES;
				CLANG_ANALYZER_NUMBER_OBJECT_CONVERSION = YES_AGGRESSIVE;
				CLANG_CXX_LANGUAGE_STANDARD = "gnu++20";
				CLANG_ENABLE_MODULES = YES;
				CLANG_ENABLE_OBJC_ARC = YES;
				CLANG_ENABLE_OBJC_WEAK = YES;
				CLANG_WARN_BLOCK_CAPTURE_AUTORELEASING = YES;
				CLANG_WARN_BOOL_CONVERSION = YES;
				CLANG_WARN_COMMA = YES;
				CLANG_WARN_CONSTANT_CONVERSION = YES;
				CLANG_WARN_DEPRECATED_OBJC_IMPLEMENTATIONS = YES;
				CLANG_WARN_DIRECT_OBJC_ISA_USAGE = YES_ERROR;
				CLANG_WARN_DOCUMENTATION_COMMENTS = YES;
				CLANG_WARN_EMPTY_BODY = YES;
				CLANG_WARN_ENUM_CONVERSION = YES;
				CLANG_WARN_INFINITE_RECURSION = YES;
				CLANG_WARN_INT_CONVERSION = YES;
				CLANG_WARN_NON_LITERAL_NULL_CONVERSION = YES;
				CLANG_WARN_OBJC_IMPLICIT_RETAIN_SELF = YES;
				CLANG_WARN_OBJC_LITERAL_CONVERSION = YES;
				CLANG_WARN_OBJC_ROOT_CLASS = YES_ERROR;
				CLANG_WARN_QUOTED_INCLUDE_IN_FRAMEWORK_HEADER = YES;
				CLANG_WARN_RANGE_LOOP_ANALYSIS = YES;
				CLANG_WARN_STRICT_PROTOTYPES = YES;
				CLANG_WARN_SUSPICIOUS_MOVE = YES;
				CLANG_WARN_UNGUARDED_AVAILABILITY = YES_AGGRESSIVE;
				CLANG_WARN_UNREACHABLE_CODE = YES;
				CLANG_WARN__DUPLICATE_METHOD_MATCH = YES;
				COPY_PHASE_STRIP = NO;
				DEBUG_INFORMATION_FORMAT = dwarf;
				ENABLE_STRICT_OBJC_MSGSEND = YES;
				ENABLE_TESTABILITY = YES;
				GCC_C_LANGUAGE_STANDARD = gnu11;
				GCC_DYNAMIC_NO_PIC = NO;
				GCC_NO_COMMON_BLOCKS = YES;
				GCC_OPTIMIZATION_LEVEL = 0;
				GCC_PREPROCESSOR_DEFINITIONS = (
					"DEBUG=1",
					"$(inherited)",
				);
				GCC_WARN_64_TO_32_BIT_CONVERSION = YES;
				GCC_WARN_ABOUT_RETURN_TYPE = YES_ERROR;
				GCC_WARN_UNDECLARED_SELECTOR = YES;
				GCC_WARN_UNINITIALIZED_AUTOS = YES_AGGRESSIVE;
				GCC_WARN_UNUSED_FUNCTION = YES;
				GCC_WARN_UNUSED_VARIABLE = YES;
				IPHONEOS_DEPLOYMENT_TARGET = 16.4;
				MTL_ENABLE_DEBUG_INFO = INCLUDE_SOURCE;
				MTL_FAST_MATH = YES;
				ONLY_ACTIVE_ARCH = YES;
				SDKROOT = iphoneos;
				SWIFT_ACTIVE_COMPILATION_CONDITIONS = DEBUG;
				SWIFT_OPTIMIZATION_LEVEL = "-Onone";
			};
			name = Debug;
		};
		296DC2EB2A78BB6C009BBF4E /* Release */ = {
			isa = XCBuildConfiguration;
			buildSettings = {
				ALWAYS_SEARCH_USER_PATHS = NO;
				CLANG_ANALYZER_NONNULL = YES;
				CLANG_ANALYZER_NUMBER_OBJECT_CONVERSION = YES_AGGRESSIVE;
				CLANG_CXX_LANGUAGE_STANDARD = "gnu++20";
				CLANG_ENABLE_MODULES = YES;
				CLANG_ENABLE_OBJC_ARC = YES;
				CLANG_ENABLE_OBJC_WEAK = YES;
				CLANG_WARN_BLOCK_CAPTURE_AUTORELEASING = YES;
				CLANG_WARN_BOOL_CONVERSION = YES;
				CLANG_WARN_COMMA = YES;
				CLANG_WARN_CONSTANT_CONVERSION = YES;
				CLANG_WARN_DEPRECATED_OBJC_IMPLEMENTATIONS = YES;
				CLANG_WARN_DIRECT_OBJC_ISA_USAGE = YES_ERROR;
				CLANG_WARN_DOCUMENTATION_COMMENTS = YES;
				CLANG_WARN_EMPTY_BODY = YES;
				CLANG_WARN_ENUM_CONVERSION = YES;
				CLANG_WARN_INFINITE_RECURSION = YES;
				CLANG_WARN_INT_CONVERSION = YES;
				CLANG_WARN_NON_LITERAL_NULL_CONVERSION = YES;
				CLANG_WARN_OBJC_IMPLICIT_RETAIN_SELF = YES;
				CLANG_WARN_OBJC_LITERAL_CONVERSION = YES;
				CLANG_WARN_OBJC_ROOT_CLASS = YES_ERROR;
				CLANG_WARN_QUOTED_INCLUDE_IN_FRAMEWORK_HEADER = YES;
				CLANG_WARN_RANGE_LOOP_ANALYSIS = YES;
				CLANG_WARN_STRICT_PROTOTYPES = YES;
				CLANG_WARN_SUSPICIOUS_MOVE = YES;
				CLANG_WARN_UNGUARDED_AVAILABILITY = YES_AGGRESSIVE;
				CLANG_WARN_UNREACHABLE_CODE = YES;
				CLANG_WARN__DUPLICATE_METHOD_MATCH = YES;
				COPY_PHASE_STRIP = NO;
				DEBUG_INFORMATION_FORMAT = "dwarf-with-dsym";
				ENABLE_NS_ASSERTIONS = NO;
				ENABLE_STRICT_OBJC_MSGSEND = YES;
				GCC_C_LANGUAGE_STANDARD = gnu11;
				GCC_NO_COMMON_BLOCKS = YES;
				GCC_WARN_64_TO_32_BIT_CONVERSION = YES;
				GCC_WARN_ABOUT_RETURN_TYPE = YES_ERROR;
				GCC_WARN_UNDECLARED_SELECTOR = YES;
				GCC_WARN_UNINITIALIZED_AUTOS = YES_AGGRESSIVE;
				GCC_WARN_UNUSED_FUNCTION = YES;
				GCC_WARN_UNUSED_VARIABLE = YES;
				IPHONEOS_DEPLOYMENT_TARGET = 16.4;
				MTL_ENABLE_DEBUG_INFO = NO;
				MTL_FAST_MATH = YES;
				SDKROOT = iphoneos;
				SWIFT_COMPILATION_MODE = wholemodule;
				SWIFT_OPTIMIZATION_LEVEL = "-O";
				VALIDATE_PRODUCT = YES;
			};
			name = Release;
		};
		296DC2ED2A78BB6C009BBF4E /* Debug */ = {
			isa = XCBuildConfiguration;
			buildSettings = {
				ASSETCATALOG_COMPILER_APPICON_NAME = AppIcon;
				ASSETCATALOG_COMPILER_GLOBAL_ACCENT_COLOR_NAME = AccentColor;
				CODE_SIGN_STYLE = Automatic;
				CURRENT_PROJECT_VERSION = 1;
				GENERATE_INFOPLIST_FILE = YES;
				INFOPLIST_FILE = ToDoApp/Info.plist;
				INFOPLIST_KEY_UIApplicationSupportsIndirectInputEvents = YES;
				INFOPLIST_KEY_UILaunchStoryboardName = LaunchScreen;
				INFOPLIST_KEY_UIMainStoryboardFile = Main;
				INFOPLIST_KEY_UISupportedInterfaceOrientations_iPad = "UIInterfaceOrientationPortrait UIInterfaceOrientationPortraitUpsideDown UIInterfaceOrientationLandscapeLeft UIInterfaceOrientationLandscapeRight";
				INFOPLIST_KEY_UISupportedInterfaceOrientations_iPhone = "UIInterfaceOrientationPortrait UIInterfaceOrientationLandscapeLeft UIInterfaceOrientationLandscapeRight";
				LD_RUNPATH_SEARCH_PATHS = (
					"$(inherited)",
					"@executable_path/Frameworks",
				);
				MARKETING_VERSION = 1.0;
				PRODUCT_BUNDLE_IDENTIFIER = yesiltas.ToDoApp;
				PRODUCT_NAME = "$(TARGET_NAME)";
				SWIFT_EMIT_LOC_STRINGS = YES;
				SWIFT_VERSION = 5.0;
				TARGETED_DEVICE_FAMILY = "1,2";
			};
			name = Debug;
		};
		296DC2EE2A78BB6C009BBF4E /* Release */ = {
			isa = XCBuildConfiguration;
			buildSettings = {
				ASSETCATALOG_COMPILER_APPICON_NAME = AppIcon;
				ASSETCATALOG_COMPILER_GLOBAL_ACCENT_COLOR_NAME = AccentColor;
				CODE_SIGN_STYLE = Automatic;
				CURRENT_PROJECT_VERSION = 1;
				GENERATE_INFOPLIST_FILE = YES;
				INFOPLIST_FILE = ToDoApp/Info.plist;
				INFOPLIST_KEY_UIApplicationSupportsIndirectInputEvents = YES;
				INFOPLIST_KEY_UILaunchStoryboardName = LaunchScreen;
				INFOPLIST_KEY_UIMainStoryboardFile = Main;
				INFOPLIST_KEY_UISupportedInterfaceOrientations_iPad = "UIInterfaceOrientationPortrait UIInterfaceOrientationPortraitUpsideDown UIInterfaceOrientationLandscapeLeft UIInterfaceOrientationLandscapeRight";
				INFOPLIST_KEY_UISupportedInterfaceOrientations_iPhone = "UIInterfaceOrientationPortrait UIInterfaceOrientationLandscapeLeft UIInterfaceOrientationLandscapeRight";
				LD_RUNPATH_SEARCH_PATHS = (
					"$(inherited)",
					"@executable_path/Frameworks",
				);
				MARKETING_VERSION = 1.0;
				PRODUCT_BUNDLE_IDENTIFIER = yesiltas.ToDoApp;
				PRODUCT_NAME = "$(TARGET_NAME)";
				SWIFT_EMIT_LOC_STRINGS = YES;
				SWIFT_VERSION = 5.0;
				TARGETED_DEVICE_FAMILY = "1,2";
			};
			name = Release;
		};
/* End XCBuildConfiguration section */

/* Begin XCConfigurationList section */
		296DC2D32A78BB6B009BBF4E /* Build configuration list for PBXProject "ToDoApp" */ = {
			isa = XCConfigurationList;
			buildConfigurations = (
				296DC2EA2A78BB6C009BBF4E /* Debug */,
				296DC2EB2A78BB6C009BBF4E /* Release */,
			);
			defaultConfigurationIsVisible = 0;
			defaultConfigurationName = Release;
		};
		296DC2EC2A78BB6C009BBF4E /* Build configuration list for PBXNativeTarget "ToDoApp" */ = {
			isa = XCConfigurationList;
			buildConfigurations = (
				296DC2ED2A78BB6C009BBF4E /* Debug */,
				296DC2EE2A78BB6C009BBF4E /* Release */,
			);
			defaultConfigurationIsVisible = 0;
			defaultConfigurationName = Release;
		};
/* End XCConfigurationList section */

/* Begin XCRemoteSwiftPackageReference section */
		29B38B542A876A6C005CD156 /* XCRemoteSwiftPackageReference "RxSwift" */ = {
			isa = XCRemoteSwiftPackageReference;
			repositoryURL = "https://github.com/ReactiveX/RxSwift.git";
			requirement = {
				kind = upToNextMajorVersion;
				minimumVersion = 6.0.0;
			};
		};
/* End XCRemoteSwiftPackageReference section */

/* Begin XCSwiftPackageProductDependency section */
		29B38B552A876A6C005CD156 /* RxSwift */ = {
			isa = XCSwiftPackageProductDependency;
			package = 29B38B542A876A6C005CD156 /* XCRemoteSwiftPackageReference "RxSwift" */;
			productName = RxSwift;
		};
/* End XCSwiftPackageProductDependency section */
	};
	rootObject = 296DC2D02A78BB6B009BBF4E /* Project object */;
}
